
Microsoft Visual Studio Solution File, Format Version 12.00
# Visual Studio Version 17
VisualStudioVersion = 17.14.36310.24 d17.14
MinimumVisualStudioVersion = 10.0.40219.1
Project("{FAE04EC0-301F-11D3-BF4B-00C04F79EFBC}") = "Kutuphane.ConsoleUI", "Kutuphane.ConsoleUI\Kutuphane.ConsoleUI.csproj", "{969C93A6-589F-4631-9963-3317553F037B}"
EndProject
Global
	GlobalSection(SolutionConfigurationPlatforms) = preSolution
		Debug|Any CPU = Debug|Any CPU
		Release|Any CPU = Release|Any CPU
	EndGlobalSection
	GlobalSection(ProjectConfigurationPlatforms) = postSolution
		{969C93A6-589F-4631-9963-3317553F037B}.Debug|Any CPU.ActiveCfg = Debug|Any CPU
		{969C93A6-589F-4631-9963-3317553F037B}.Debug|Any CPU.Build.0 = Debug|Any CPU
		{969C93A6-589F-4631-9963-3317553F037B}.Release|Any CPU.ActiveCfg = Release|Any CPU
		{969C93A6-589F-4631-9963-3317553F037B}.Release|Any CPU.Build.0 = Release|Any CPU
	EndGlobalSection
	GlobalSection(SolutionProperties) = preSolution
		HideSolutionNode = FALSE
	EndGlobalSection
	GlobalSection(ExtensibilityGlobals) = postSolution
		SolutionGuid = {65397924-AC11-4479-925C-29E3588356B7}
	EndGlobalSection
EndGlobal
